// !$*UTF8*$!
{
	archiveVersion = 1;
	classes = {
	};
	objectVersion = 55;
	objects = {

/* Begin PBXBuildFile section */
		BF3BF52F287C116600C4FAE3 /* DegreeCalcV2App.swift in Sources */ = {isa = PBXBuildFile; fileRef = BF3BF52E287C116600C4FAE3 /* DegreeCalcV2App.swift */; };
		BF3BF531287C116600C4FAE3 /* ContentView.swift in Sources */ = {isa = PBXBuildFile; fileRef = BF3BF530287C116600C4FAE3 /* ContentView.swift */; };
		BF3BF533287C116600C4FAE3 /* Assets.xcassets in Resources */ = {isa = PBXBuildFile; fileRef = BF3BF532287C116600C4FAE3 /* Assets.xcassets */; };
		BF3BF536287C116600C4FAE3 /* Preview Assets.xcassets in Resources */ = {isa = PBXBuildFile; fileRef = BF3BF535287C116600C4FAE3 /* Preview Assets.xcassets */; };
		BF3BF540287C116700C4FAE3 /* DegreeCalcV2Tests.swift in Sources */ = {isa = PBXBuildFile; fileRef = BF3BF53F287C116700C4FAE3 /* DegreeCalcV2Tests.swift */; };
		BF3BF54A287C116700C4FAE3 /* DegreeCalcV2UITests.swift in Sources */ = {isa = PBXBuildFile; fileRef = BF3BF549287C116700C4FAE3 /* DegreeCalcV2UITests.swift */; };
		BF3BF54C287C116700C4FAE3 /* DegreeCalcV2UITestsLaunchTests.swift in Sources */ = {isa = PBXBuildFile; fileRef = BF3BF54B287C116700C4FAE3 /* DegreeCalcV2UITestsLaunchTests.swift */; };
		BF3BF55B287C131400C4FAE3 /* MapView.swift in Sources */ = {isa = PBXBuildFile; fileRef = BF3BF55A287C131400C4FAE3 /* MapView.swift */; };
/* End PBXBuildFile section */

/* Begin PBXContainerItemProxy section */
		BF3BF53C287C116700C4FAE3 /* PBXContainerItemProxy */ = {
			isa = PBXContainerItemProxy;
			containerPortal = BF3BF523287C116600C4FAE3 /* Project object */;
			proxyType = 1;
			remoteGlobalIDString = BF3BF52A287C116600C4FAE3;
			remoteInfo = DegreeCalcV2;
		};
		BF3BF546287C116700C4FAE3 /* PBXContainerItemProxy */ = {
			isa = PBXContainerItemProxy;
			containerPortal = BF3BF523287C116600C4FAE3 /* Project object */;
			proxyType = 1;
			remoteGlobalIDString = BF3BF52A287C116600C4FAE3;
			remoteInfo = DegreeCalcV2;
		};
/* End PBXContainerItemProxy section */

/* Begin PBXFileReference section */
		BF3BF52B287C116600C4FAE3 /* DegreeCalcV2.app */ = {isa = PBXFileReference; explicitFileType = wrapper.application; includeInIndex = 0; path = DegreeCalcV2.app; sourceTree = BUILT_PRODUCTS_DIR; };
		BF3BF52E287C116600C4FAE3 /* DegreeCalcV2App.swift */ = {isa = PBXFileReference; lastKnownFileType = sourcecode.swift; path = DegreeCalcV2App.swift; sourceTree = "<group>"; };
		BF3BF530287C116600C4FAE3 /* ContentView.swift */ = {isa = PBXFileReference; lastKnownFileType = sourcecode.swift; path = ContentView.swift; sourceTree = "<group>"; };
		BF3BF532287C116600C4FAE3 /* Assets.xcassets */ = {isa = PBXFileReference; lastKnownFileType = folder.assetcatalog; path = Assets.xcassets; sourceTree = "<group>"; };
		BF3BF535287C116600C4FAE3 /* Preview Assets.xcassets */ = {isa = PBXFileReference; lastKnownFileType = folder.assetcatalog; path = "Preview Assets.xcassets"; sourceTree = "<group>"; };
		BF3BF53B287C116700C4FAE3 /* DegreeCalcV2Tests.xctest */ = {isa = PBXFileReference; explicitFileType = wrapper.cfbundle; includeInIndex = 0; path = DegreeCalcV2Tests.xctest; sourceTree = BUILT_PRODUCTS_DIR; };
		BF3BF53F287C116700C4FAE3 /* DegreeCalcV2Tests.swift */ = {isa = PBXFileReference; lastKnownFileType = sourcecode.swift; path = DegreeCalcV2Tests.swift; sourceTree = "<group>"; };
		BF3BF545287C116700C4FAE3 /* DegreeCalcV2UITests.xctest */ = {isa = PBXFileReference; explicitFileType = wrapper.cfbundle; includeInIndex = 0; path = DegreeCalcV2UITests.xctest; sourceTree = BUILT_PRODUCTS_DIR; };
		BF3BF549287C116700C4FAE3 /* DegreeCalcV2UITests.swift */ = {isa = PBXFileReference; lastKnownFileType = sourcecode.swift; path = DegreeCalcV2UITests.swift; sourceTree = "<group>"; };
		BF3BF54B287C116700C4FAE3 /* DegreeCalcV2UITestsLaunchTests.swift */ = {isa = PBXFileReference; lastKnownFileType = sourcecode.swift; path = DegreeCalcV2UITestsLaunchTests.swift; sourceTree = "<group>"; };
		BF3BF55A287C131400C4FAE3 /* MapView.swift */ = {isa = PBXFileReference; lastKnownFileType = sourcecode.swift; path = MapView.swift; sourceTree = "<group>"; };
/* End PBXFileReference section */

/* Begin PBXFrameworksBuildPhase section */
		BF3BF528287C116600C4FAE3 /* Frameworks */ = {
			isa = PBXFrameworksBuildPhase;
			buildActionMask = 2147483647;
			files = (
			);
			runOnlyForDeploymentPostprocessing = 0;
		};
		BF3BF538287C116700C4FAE3 /* Frameworks */ = {
			isa = PBXFrameworksBuildPhase;
			buildActionMask = 2147483647;
			files = (
			);
			runOnlyForDeploymentPostprocessing = 0;
		};
		BF3BF542287C116700C4FAE3 /* Frameworks */ = {
			isa = PBXFrameworksBuildPhase;
			buildActionMask = 2147483647;
			files = (
			);
			runOnlyForDeploymentPostprocessing = 0;
		};
/* End PBXFrameworksBuildPhase section */

/* Begin PBXGroup section */
		BF3BF522287C116600C4FAE3 = {
			isa = PBXGroup;
			children = (
				BF3BF52D287C116600C4FAE3 /* DegreeCalcV2 */,
				BF3BF53E287C116700C4FAE3 /* DegreeCalcV2Tests */,
				BF3BF548287C116700C4FAE3 /* DegreeCalcV2UITests */,
				BF3BF52C287C116600C4FAE3 /* Products */,
			);
			sourceTree = "<group>";
		};
		BF3BF52C287C116600C4FAE3 /* Products */ = {
			isa = PBXGroup;
			children = (
				BF3BF52B287C116600C4FAE3 /* DegreeCalcV2.app */,
				BF3BF53B287C116700C4FAE3 /* DegreeCalcV2Tests.xctest */,
				BF3BF545287C116700C4FAE3 /* DegreeCalcV2UITests.xctest */,
			);
			name = Products;
			sourceTree = "<group>";
		};
		BF3BF52D287C116600C4FAE3 /* DegreeCalcV2 */ = {
			isa = PBXGroup;
			children = (
				BF3BF52E287C116600C4FAE3 /* DegreeCalcV2App.swift */,
				BF3BF530287C116600C4FAE3 /* ContentView.swift */,
				BF3BF55A287C131400C4FAE3 /* MapView.swift */,
				BF3BF532287C116600C4FAE3 /* Assets.xcassets */,
				BF3BF534287C116600C4FAE3 /* Preview Content */,
			);
			path = DegreeCalcV2;
			sourceTree = "<group>";
		};
		BF3BF534287C116600C4FAE3 /* Preview Content */ = {
			isa = PBXGroup;
			children = (
				BF3BF535287C116600C4FAE3 /* Preview Assets.xcassets */,
			);
			path = "Preview Content";
			sourceTree = "<group>";
		};
		BF3BF53E287C116700C4FAE3 /* DegreeCalcV2Tests */ = {
			isa = PBXGroup;
			children = (
				BF3BF53F287C116700C4FAE3 /* DegreeCalcV2Tests.swift */,
			);
			path = DegreeCalcV2Tests;
			sourceTree = "<group>";
		};
		BF3BF548287C116700C4FAE3 /* DegreeCalcV2UITests */ = {
			isa = PBXGroup;
			children = (
				BF3BF549287C116700C4FAE3 /* DegreeCalcV2UITests.swift */,
				BF3BF54B287C116700C4FAE3 /* DegreeCalcV2UITestsLaunchTests.swift */,
			);
			path = DegreeCalcV2UITests;
			sourceTree = "<group>";
		};
/* End PBXGroup section */

/* Begin PBXNativeTarget section */
		BF3BF52A287C116600C4FAE3 /* DegreeCalcV2 */ = {
			isa = PBXNativeTarget;
			buildConfigurationList = BF3BF54F287C116700C4FAE3 /* Build configuration list for PBXNativeTarget "DegreeCalcV2" */;
			buildPhases = (
				BF3BF527287C116600C4FAE3 /* Sources */,
				BF3BF528287C116600C4FAE3 /* Frameworks */,
				BF3BF529287C116600C4FAE3 /* Resources */,
			);
			buildRules = (
			);
			dependencies = (
			);
			name = DegreeCalcV2;
			productName = DegreeCalcV2;
			productReference = BF3BF52B287C116600C4FAE3 /* DegreeCalcV2.app */;
			productType = "com.apple.product-type.application";
		};
		BF3BF53A287C116700C4FAE3 /* DegreeCalcV2Tests */ = {
			isa = PBXNativeTarget;
			buildConfigurationList = BF3BF552287C116700C4FAE3 /* Build configuration list for PBXNativeTarget "DegreeCalcV2Tests" */;
			buildPhases = (
				BF3BF537287C116700C4FAE3 /* Sources */,
				BF3BF538287C116700C4FAE3 /* Frameworks */,
				BF3BF539287C116700C4FAE3 /* Resources */,
			);
			buildRules = (
			);
			dependencies = (
				BF3BF53D287C116700C4FAE3 /* PBXTargetDependency */,
			);
			name = DegreeCalcV2Tests;
			productName = DegreeCalcV2Tests;
			productReference = BF3BF53B287C116700C4FAE3 /* DegreeCalcV2Tests.xctest */;
			productType = "com.apple.product-type.bundle.unit-test";
		};
		BF3BF544287C116700C4FAE3 /* DegreeCalcV2UITests */ = {
			isa = PBXNativeTarget;
			buildConfigurationList = BF3BF555287C116700C4FAE3 /* Build configuration list for PBXNativeTarget "DegreeCalcV2UITests" */;
			buildPhases = (
				BF3BF541287C116700C4FAE3 /* Sources */,
				BF3BF542287C116700C4FAE3 /* Frameworks */,
				BF3BF543287C116700C4FAE3 /* Resources */,
			);
			buildRules = (
			);
			dependencies = (
				BF3BF547287C116700C4FAE3 /* PBXTargetDependency */,
			);
			name = DegreeCalcV2UITests;
			productName = DegreeCalcV2UITests;
			productReference = BF3BF545287C116700C4FAE3 /* DegreeCalcV2UITests.xctest */;
			productType = "com.apple.product-type.bundle.ui-testing";
		};
/* End PBXNativeTarget section */

/* Begin PBXProject section */
		BF3BF523287C116600C4FAE3 /* Project object */ = {
			isa = PBXProject;
			attributes = {
				BuildIndependentTargetsInParallel = 1;
				LastSwiftUpdateCheck = 1340;
				LastUpgradeCheck = 1340;
				TargetAttributes = {
					BF3BF52A287C116600C4FAE3 = {
						CreatedOnToolsVersion = 13.4.1;
					};
					BF3BF53A287C116700C4FAE3 = {
						CreatedOnToolsVersion = 13.4.1;
						TestTargetID = BF3BF52A287C116600C4FAE3;
					};
					BF3BF544287C116700C4FAE3 = {
						CreatedOnToolsVersion = 13.4.1;
						TestTargetID = BF3BF52A287C116600C4FAE3;
					};
				};
			};
			buildConfigurationList = BF3BF526287C116600C4FAE3 /* Build configuration list for PBXProject "DegreeCalcV2" */;
			compatibilityVersion = "Xcode 13.0";
			developmentRegion = en;
			hasScannedForEncodings = 0;
			knownRegions = (
				en,
				Base,
			);
			mainGroup = BF3BF522287C116600C4FAE3;
			productRefGroup = BF3BF52C287C116600C4FAE3 /* Products */;
			projectDirPath = "";
			projectRoot = "";
			targets = (
				BF3BF52A287C116600C4FAE3 /* DegreeCalcV2 */,
				BF3BF53A287C116700C4FAE3 /* DegreeCalcV2Tests */,
				BF3BF544287C116700C4FAE3 /* DegreeCalcV2UITests */,
			);
		};
/* End PBXProject section */

/* Begin PBXResourcesBuildPhase section */
		BF3BF529287C116600C4FAE3 /* Resources */ = {
			isa = PBXResourcesBuildPhase;
			buildActionMask = 2147483647;
			files = (
				BF3BF536287C116600C4FAE3 /* Preview Assets.xcassets in Resources */,
				BF3BF533287C116600C4FAE3 /* Assets.xcassets in Resources */,
			);
			runOnlyForDeploymentPostprocessing = 0;
		};
		BF3BF539287C116700C4FAE3 /* Resources */ = {
			isa = PBXResourcesBuildPhase;
			buildActionMask = 2147483647;
			files = (
			);
			runOnlyForDeploymentPostprocessing = 0;
		};
		BF3BF543287C116700C4FAE3 /* Resources */ = {
			isa = PBXResourcesBuildPhase;
			buildActionMask = 2147483647;
			files = (
			);
			runOnlyForDeploymentPostprocessing = 0;
		};
/* End PBXResourcesBuildPhase section */

/* Begin PBXSourcesBuildPhase section */
		BF3BF527287C116600C4FAE3 /* Sources */ = {
			isa = PBXSourcesBuildPhase;
			buildActionMask = 2147483647;
			files = (
				BF3BF531287C116600C4FAE3 /* ContentView.swift in Sources */,
				BF3BF55B287C131400C4FAE3 /* MapView.swift in Sources */,
				BF3BF52F287C116600C4FAE3 /* DegreeCalcV2App.swift in Sources */,
			);
			runOnlyForDeploymentPostprocessing = 0;
		};
		BF3BF537287C116700C4FAE3 /* Sources */ = {
			isa = PBXSourcesBuildPhase;
			buildActionMask = 2147483647;
			files = (
				BF3BF540287C116700C4FAE3 /* DegreeCalcV2Tests.swift in Sources */,
			);
			runOnlyForDeploymentPostprocessing = 0;
		};
		BF3BF541287C116700C4FAE3 /* Sources */ = {
			isa = PBXSourcesBuildPhase;
			buildActionMask = 2147483647;
			files = (
				BF3BF54A287C116700C4FAE3 /* DegreeCalcV2UITests.swift in Sources */,
				BF3BF54C287C116700C4FAE3 /* DegreeCalcV2UITestsLaunchTests.swift in Sources */,
			);
			runOnlyForDeploymentPostprocessing = 0;
		};
/* End PBXSourcesBuildPhase section */

/* Begin PBXTargetDependency section */
		BF3BF53D287C116700C4FAE3 /* PBXTargetDependency */ = {
			isa = PBXTargetDependency;
			target = BF3BF52A287C116600C4FAE3 /* DegreeCalcV2 */;
			targetProxy = BF3BF53C287C116700C4FAE3 /* PBXContainerItemProxy */;
		};
		BF3BF547287C116700C4FAE3 /* PBXTargetDependency */ = {
			isa = PBXTargetDependency;
			target = BF3BF52A287C116600C4FAE3 /* DegreeCalcV2 */;
			targetProxy = BF3BF546287C116700C4FAE3 /* PBXContainerItemProxy */;
		};
/* End PBXTargetDependency section */

/* Begin XCBuildConfiguration section */
		BF3BF54D287C116700C4FAE3 /* Debug */ = {
			isa = XCBuildConfiguration;
			buildSettings = {
				ALWAYS_SEARCH_USER_PATHS = NO;
				CLANG_ANALYZER_NONNULL = YES;
				CLANG_ANALYZER_NUMBER_OBJECT_CONVERSION = YES_AGGRESSIVE;
				CLANG_CXX_LANGUAGE_STANDARD = "gnu++17";
				CLANG_ENABLE_MODULES = YES;
				CLANG_ENABLE_OBJC_ARC = YES;
				CLANG_ENABLE_OBJC_WEAK = YES;
				CLANG_WARN_BLOCK_CAPTURE_AUTORELEASING = YES;
				CLANG_WARN_BOOL_CONVERSION = YES;
				CLANG_WARN_COMMA = YES;
				CLANG_WARN_CONSTANT_CONVERSION = YES;
				CLANG_WARN_DEPRECATED_OBJC_IMPLEMENTATIONS = YES;
				CLANG_WARN_DIRECT_OBJC_ISA_USAGE = YES_ERROR;
				CLANG_WARN_DOCUMENTATION_COMMENTS = YES;
				CLANG_WARN_EMPTY_BODY = YES;
				CLANG_WARN_ENUM_CONVERSION = YES;
				CLANG_WARN_INFINITE_RECURSION = YES;
				CLANG_WARN_INT_CONVERSION = YES;
				CLANG_WARN_NON_LITERAL_NULL_CONVERSION = YES;
				CLANG_WARN_OBJC_IMPLICIT_RETAIN_SELF = YES;
				CLANG_WARN_OBJC_LITERAL_CONVERSION = YES;
				CLANG_WARN_OBJC_ROOT_CLASS = YES_ERROR;
				CLANG_WARN_QUOTED_INCLUDE_IN_FRAMEWORK_HEADER = YES;
				CLANG_WARN_RANGE_LOOP_ANALYSIS = YES;
				CLANG_WARN_STRICT_PROTOTYPES = YES;
				CLANG_WARN_SUSPICIOUS_MOVE = YES;
				CLANG_WARN_UNGUARDED_AVAILABILITY = YES_AGGRESSIVE;
				CLANG_WARN_UNREACHABLE_CODE = YES;
				CLANG_WARN__DUPLICATE_METHOD_MATCH = YES;
				COPY_PHASE_STRIP = NO;
				DEBUG_INFORMATION_FORMAT = dwarf;
				ENABLE_STRICT_OBJC_MSGSEND = YES;
				ENABLE_TESTABILITY = YES;
				GCC_C_LANGUAGE_STANDARD = gnu11;
				GCC_DYNAMIC_NO_PIC = NO;
				GCC_NO_COMMON_BLOCKS = YES;
				GCC_OPTIMIZATION_LEVEL = 0;
				GCC_PREPROCESSOR_DEFINITIONS = (
					"DEBUG=1",
					"$(inherited)",
				);
				GCC_WARN_64_TO_32_BIT_CONVERSION = YES;
				GCC_WARN_ABOUT_RETURN_TYPE = YES_ERROR;
				GCC_WARN_UNDECLARED_SELECTOR = YES;
				GCC_WARN_UNINITIALIZED_AUTOS = YES_AGGRESSIVE;
				GCC_WARN_UNUSED_FUNCTION = YES;
				GCC_WARN_UNUSED_VARIABLE = YES;
				IPHONEOS_DEPLOYMENT_TARGET = 15.5;
				MTL_ENABLE_DEBUG_INFO = INCLUDE_SOURCE;
				MTL_FAST_MATH = YES;
				ONLY_ACTIVE_ARCH = YES;
				SDKROOT = iphoneos;
				SWIFT_ACTIVE_COMPILATION_CONDITIONS = DEBUG;
				SWIFT_OPTIMIZATION_LEVEL = "-Onone";
			};
			name = Debug;
		};
		BF3BF54E287C116700C4FAE3 /* Release */ = {
			isa = XCBuildConfiguration;
			buildSettings = {
				ALWAYS_SEARCH_USER_PATHS = NO;
				CLANG_ANALYZER_NONNULL = YES;
				CLANG_ANALYZER_NUMBER_OBJECT_CONVERSION = YES_AGGRESSIVE;
				CLANG_CXX_LANGUAGE_STANDARD = "gnu++17";
				CLANG_ENABLE_MODULES = YES;
				CLANG_ENABLE_OBJC_ARC = YES;
				CLANG_ENABLE_OBJC_WEAK = YES;
				CLANG_WARN_BLOCK_CAPTURE_AUTORELEASING = YES;
				CLANG_WARN_BOOL_CONVERSION = YES;
				CLANG_WARN_COMMA = YES;
				CLANG_WARN_CONSTANT_CONVERSION = YES;
				CLANG_WARN_DEPRECATED_OBJC_IMPLEMENTATIONS = YES;
				CLANG_WARN_DIRECT_OBJC_ISA_USAGE = YES_ERROR;
				CLANG_WARN_DOCUMENTATION_COMMENTS = YES;
				CLANG_WARN_EMPTY_BODY = YES;
				CLANG_WARN_ENUM_CONVERSION = YES;
				CLANG_WARN_INFINITE_RECURSION = YES;
				CLANG_WARN_INT_CONVERSION = YES;
				CLANG_WARN_NON_LITERAL_NULL_CONVERSION = YES;
				CLANG_WARN_OBJC_IMPLICIT_RETAIN_SELF = YES;
				CLANG_WARN_OBJC_LITERAL_CONVERSION = YES;
				CLANG_WARN_OBJC_ROOT_CLASS = YES_ERROR;
				CLANG_WARN_QUOTED_INCLUDE_IN_FRAMEWORK_HEADER = YES;
				CLANG_WARN_RANGE_LOOP_ANALYSIS = YES;
				CLANG_WARN_STRICT_PROTOTYPES = YES;
				CLANG_WARN_SUSPICIOUS_MOVE = YES;
				CLANG_WARN_UNGUARDED_AVAILABILITY = YES_AGGRESSIVE;
				CLANG_WARN_UNREACHABLE_CODE = YES;
				CLANG_WARN__DUPLICATE_METHOD_MATCH = YES;
				COPY_PHASE_STRIP = NO;
				DEBUG_INFORMATION_FORMAT = "dwarf-with-dsym";
				ENABLE_NS_ASSERTIONS = NO;
				ENABLE_STRICT_OBJC_MSGSEND = YES;
				GCC_C_LANGUAGE_STANDARD = gnu11;
				GCC_NO_COMMON_BLOCKS = YES;
				GCC_WARN_64_TO_32_BIT_CONVERSION = YES;
				GCC_WARN_ABOUT_RETURN_TYPE = YES_ERROR;
				GCC_WARN_UNDECLARED_SELECTOR = YES;
				GCC_WARN_UNINITIALIZED_AUTOS = YES_AGGRESSIVE;
				GCC_WARN_UNUSED_FUNCTION = YES;
				GCC_WARN_UNUSED_VARIABLE = YES;
				IPHONEOS_DEPLOYMENT_TARGET = 15.5;
				MTL_ENABLE_DEBUG_INFO = NO;
				MTL_FAST_MATH = YES;
				SDKROOT = iphoneos;
				SWIFT_COMPILATION_MODE = wholemodule;
				SWIFT_OPTIMIZATION_LEVEL = "-O";
				VALIDATE_PRODUCT = YES;
			};
			name = Release;
		};
		BF3BF550287C116700C4FAE3 /* Debug */ = {
			isa = XCBuildConfiguration;
			buildSettings = {
				ASSETCATALOG_COMPILER_APPICON_NAME = AppIcon;
				ASSETCATALOG_COMPILER_GLOBAL_ACCENT_COLOR_NAME = AccentColor;
				CODE_SIGN_STYLE = Automatic;
				CURRENT_PROJECT_VERSION = 1;
				DEVELOPMENT_ASSET_PATHS = "\"DegreeCalcV2/Preview Content\"";
				DEVELOPMENT_TEAM = 2LZX3PWRZV;
				ENABLE_PREVIEWS = YES;
				GENERATE_INFOPLIST_FILE = YES;
				INFOPLIST_KEY_UIApplicationSceneManifest_Generation = YES;
				INFOPLIST_KEY_UIApplicationSupportsIndirectInputEvents = YES;
				INFOPLIST_KEY_UILaunchScreen_Generation = YES;
				INFOPLIST_KEY_UISupportedInterfaceOrientations_iPad = "UIInterfaceOrientationPortrait UIInterfaceOrientationPortraitUpsideDown UIInterfaceOrientationLandscapeLeft UIInterfaceOrientationLandscapeRight";
				INFOPLIST_KEY_UISupportedInterfaceOrientations_iPhone = "UIInterfaceOrientationPortrait UIInterfaceOrientationLandscapeLeft UIInterfaceOrientationLandscapeRight";
				LD_RUNPATH_SEARCH_PATHS = (
					"$(inherited)",
					"@executable_path/Frameworks",
				);
				MARKETING_VERSION = 1.0;
				PRODUCT_BUNDLE_IDENTIFIER = com.alicansaglam.DegreeCalcV2;
				PRODUCT_NAME = "$(TARGET_NAME)";
				SWIFT_EMIT_LOC_STRINGS = YES;
				SWIFT_VERSION = 5.0;
				TARGETED_DEVICE_FAMILY = "1,2";
			};
			name = Debug;
		};
		BF3BF551287C116700C4FAE3 /* Release */ = {
			isa = XCBuildConfiguration;
			buildSettings = {
				ASSETCATALOG_COMPILER_APPICON_NAME = AppIcon;
				ASSETCATALOG_COMPILER_GLOBAL_ACCENT_COLOR_NAME = AccentColor;
				CODE_SIGN_STYLE = Automatic;
				CURRENT_PROJECT_VERSION = 1;
				DEVELOPMENT_ASSET_PATHS = "\"DegreeCalcV2/Preview Content\"";
				DEVELOPMENT_TEAM = 2LZX3PWRZV;
				ENABLE_PREVIEWS = YES;
				GENERATE_INFOPLIST_FILE = YES;
				INFOPLIST_KEY_UIApplicationSceneManifest_Generation = YES;
				INFOPLIST_KEY_UIApplicationSupportsIndirectInputEvents = YES;
				INFOPLIST_KEY_UILaunchScreen_Generation = YES;
				INFOPLIST_KEY_UISupportedInterfaceOrientations_iPad = "UIInterfaceOrientationPortrait UIInterfaceOrientationPortraitUpsideDown UIInterfaceOrientationLandscapeLeft UIInterfaceOrientationLandscapeRight";
				INFOPLIST_KEY_UISupportedInterfaceOrientations_iPhone = "UIInterfaceOrientationPortrait UIInterfaceOrientationLandscapeLeft UIInterfaceOrientationLandscapeRight";
				LD_RUNPATH_SEARCH_PATHS = (
					"$(inherited)",
					"@executable_path/Frameworks",
				);
				MARKETING_VERSION = 1.0;
				PRODUCT_BUNDLE_IDENTIFIER = com.alicansaglam.DegreeCalcV2;
				PRODUCT_NAME = "$(TARGET_NAME)";
				SWIFT_EMIT_LOC_STRINGS = YES;
				SWIFT_VERSION = 5.0;
				TARGETED_DEVICE_FAMILY = "1,2";
			};
			name = Release;
		};
		BF3BF553287C116700C4FAE3 /* Debug */ = {
			isa = XCBuildConfiguration;
			buildSettings = {
				ALWAYS_EMBED_SWIFT_STANDARD_LIBRARIES = YES;
				BUNDLE_LOADER = "$(TEST_HOST)";
				CODE_SIGN_STYLE = Automatic;
				CURRENT_PROJECT_VERSION = 1;
				GENERATE_INFOPLIST_FILE = YES;
				IPHONEOS_DEPLOYMENT_TARGET = 15.5;
				MARKETING_VERSION = 1.0;
				PRODUCT_BUNDLE_IDENTIFIER = com.alicansaglam.DegreeCalcV2Tests;
				PRODUCT_NAME = "$(TARGET_NAME)";
				SWIFT_EMIT_LOC_STRINGS = NO;
				SWIFT_VERSION = 5.0;
				TARGETED_DEVICE_FAMILY = "1,2";
				TEST_HOST = "$(BUILT_PRODUCTS_DIR)/DegreeCalcV2.app/DegreeCalcV2";
			};
			name = Debug;
		};
		BF3BF554287C116700C4FAE3 /* Release */ = {
			isa = XCBuildConfiguration;
			buildSettings = {
				ALWAYS_EMBED_SWIFT_STANDARD_LIBRARIES = YES;
				BUNDLE_LOADER = "$(TEST_HOST)";
				CODE_SIGN_STYLE = Automatic;
				CURRENT_PROJECT_VERSION = 1;
				GENERATE_INFOPLIST_FILE = YES;
				IPHONEOS_DEPLOYMENT_TARGET = 15.5;
				MARKETING_VERSION = 1.0;
				PRODUCT_BUNDLE_IDENTIFIER = com.alicansaglam.DegreeCalcV2Tests;
				PRODUCT_NAME = "$(TARGET_NAME)";
				SWIFT_EMIT_LOC_STRINGS = NO;
				SWIFT_VERSION = 5.0;
				TARGETED_DEVICE_FAMILY = "1,2";
				TEST_HOST = "$(BUILT_PRODUCTS_DIR)/DegreeCalcV2.app/DegreeCalcV2";
			};
			name = Release;
		};
		BF3BF556287C116700C4FAE3 /* Debug */ = {
			isa = XCBuildConfiguration;
			buildSettings = {
				ALWAYS_EMBED_SWIFT_STANDARD_LIBRARIES = YES;
				CODE_SIGN_STYLE = Automatic;
				CURRENT_PROJECT_VERSION = 1;
				GENERATE_INFOPLIST_FILE = YES;
				MARKETING_VERSION = 1.0;
				PRODUCT_BUNDLE_IDENTIFIER = com.alicansaglam.DegreeCalcV2UITests;
				PRODUCT_NAME = "$(TARGET_NAME)";
				SWIFT_EMIT_LOC_STRINGS = NO;
				SWIFT_VERSION = 5.0;
				TARGETED_DEVICE_FAMILY = "1,2";
				TEST_TARGET_NAME = DegreeCalcV2;
			};
			name = Debug;
		};
		BF3BF557287C116700C4FAE3 /* Release */ = {
			isa = XCBuildConfiguration;
			buildSettings = {
				ALWAYS_EMBED_SWIFT_STANDARD_LIBRARIES = YES;
				CODE_SIGN_STYLE = Automatic;
				CURRENT_PROJECT_VERSION = 1;
				GENERATE_INFOPLIST_FILE = YES;
				MARKETING_VERSION = 1.0;
				PRODUCT_BUNDLE_IDENTIFIER = com.alicansaglam.DegreeCalcV2UITests;
				PRODUCT_NAME = "$(TARGET_NAME)";
				SWIFT_EMIT_LOC_STRINGS = NO;
				SWIFT_VERSION = 5.0;
				TARGETED_DEVICE_FAMILY = "1,2";
				TEST_TARGET_NAME = DegreeCalcV2;
			};
			name = Release;
		};
/* End XCBuildConfiguration section */

/* Begin XCConfigurationList section */
		BF3BF526287C116600C4FAE3 /* Build configuration list for PBXProject "DegreeCalcV2" */ = {
			isa = XCConfigurationList;
			buildConfigurations = (
				BF3BF54D287C116700C4FAE3 /* Debug */,
				BF3BF54E287C116700C4FAE3 /* Release */,
			);
			defaultConfigurationIsVisible = 0;
			defaultConfigurationName = Release;
		};
		BF3BF54F287C116700C4FAE3 /* Build configuration list for PBXNativeTarget "DegreeCalcV2" */ = {
			isa = XCConfigurationList;
			buildConfigurations = (
				BF3BF550287C116700C4FAE3 /* Debug */,
				BF3BF551287C116700C4FAE3 /* Release */,
			);
			defaultConfigurationIsVisible = 0;
			defaultConfigurationName = Release;
		};
		BF3BF552287C116700C4FAE3 /* Build configuration list for PBXNativeTarget "DegreeCalcV2Tests" */ = {
			isa = XCConfigurationList;
			buildConfigurations = (
				BF3BF553287C116700C4FAE3 /* Debug */,
				BF3BF554287C116700C4FAE3 /* Release */,
			);
			defaultConfigurationIsVisible = 0;
			defaultConfigurationName = Release;
		};
		BF3BF555287C116700C4FAE3 /* Build configuration list for PBXNativeTarget "DegreeCalcV2UITests" */ = {
			isa = XCConfigurationList;
			buildConfigurations = (
				BF3BF556287C116700C4FAE3 /* Debug */,
				BF3BF557287C116700C4FAE3 /* Release */,
			);
			defaultConfigurationIsVisible = 0;
			defaultConfigurationName = Release;
		};
/* End XCConfigurationList section */
	};
	rootObject = BF3BF523287C116600C4FAE3 /* Project object */;
}
