// !$*UTF8*$!
{
	archiveVersion = 1;
	classes = {
	};
	objectVersion = 55;
	objects = {

/* Begin PBXBuildFile section */
		BF858E02287B7D840097FA06 /* DegreeCalcApp.swift in Sources */ = {isa = PBXBuildFile; fileRef = BF858E01287B7D840097FA06 /* DegreeCalcApp.swift */; };
		BF858E04287B7D840097FA06 /* ContentView.swift in Sources */ = {isa = PBXBuildFile; fileRef = BF858E03287B7D840097FA06 /* ContentView.swift */; };
		BF858E06287B7D850097FA06 /* Assets.xcassets in Resources */ = {isa = PBXBuildFile; fileRef = BF858E05287B7D850097FA06 /* Assets.xcassets */; };
		BF858E09287B7D850097FA06 /* Preview Assets.xcassets in Resources */ = {isa = PBXBuildFile; fileRef = BF858E08287B7D850097FA06 /* Preview Assets.xcassets */; };
		BF858E13287B7D850097FA06 /* DegreeCalcTests.swift in Sources */ = {isa = PBXBuildFile; fileRef = BF858E12287B7D850097FA06 /* DegreeCalcTests.swift */; };
		BF858E1D287B7D850097FA06 /* DegreeCalcUITests.swift in Sources */ = {isa = PBXBuildFile; fileRef = BF858E1C287B7D850097FA06 /* DegreeCalcUITests.swift */; };
		BF858E1F287B7D850097FA06 /* DegreeCalcUITestsLaunchTests.swift in Sources */ = {isa = PBXBuildFile; fileRef = BF858E1E287B7D850097FA06 /* DegreeCalcUITestsLaunchTests.swift */; };
/* End PBXBuildFile section */

/* Begin PBXContainerItemProxy section */
		BF858E0F287B7D850097FA06 /* PBXContainerItemProxy */ = {
			isa = PBXContainerItemProxy;
			containerPortal = BF858DF6287B7D840097FA06 /* Project object */;
			proxyType = 1;
			remoteGlobalIDString = BF858DFD287B7D840097FA06;
			remoteInfo = DegreeCalc;
		};
		BF858E19287B7D850097FA06 /* PBXContainerItemProxy */ = {
			isa = PBXContainerItemProxy;
			containerPortal = BF858DF6287B7D840097FA06 /* Project object */;
			proxyType = 1;
			remoteGlobalIDString = BF858DFD287B7D840097FA06;
			remoteInfo = DegreeCalc;
		};
/* End PBXContainerItemProxy section */

/* Begin PBXFileReference section */
		BF858DFE287B7D840097FA06 /* DegreeCalc.app */ = {isa = PBXFileReference; explicitFileType = wrapper.application; includeInIndex = 0; path = DegreeCalc.app; sourceTree = BUILT_PRODUCTS_DIR; };
		BF858E01287B7D840097FA06 /* DegreeCalcApp.swift */ = {isa = PBXFileReference; lastKnownFileType = sourcecode.swift; path = DegreeCalcApp.swift; sourceTree = "<group>"; };
		BF858E03287B7D840097FA06 /* ContentView.swift */ = {isa = PBXFileReference; lastKnownFileType = sourcecode.swift; path = ContentView.swift; sourceTree = "<group>"; };
		BF858E05287B7D850097FA06 /* Assets.xcassets */ = {isa = PBXFileReference; lastKnownFileType = folder.assetcatalog; path = Assets.xcassets; sourceTree = "<group>"; };
		BF858E08287B7D850097FA06 /* Preview Assets.xcassets */ = {isa = PBXFileReference; lastKnownFileType = folder.assetcatalog; path = "Preview Assets.xcassets"; sourceTree = "<group>"; };
		BF858E0E287B7D850097FA06 /* DegreeCalcTests.xctest */ = {isa = PBXFileReference; explicitFileType = wrapper.cfbundle; includeInIndex = 0; path = DegreeCalcTests.xctest; sourceTree = BUILT_PRODUCTS_DIR; };
		BF858E12287B7D850097FA06 /* DegreeCalcTests.swift */ = {isa = PBXFileReference; lastKnownFileType = sourcecode.swift; path = DegreeCalcTests.swift; sourceTree = "<group>"; };
		BF858E18287B7D850097FA06 /* DegreeCalcUITests.xctest */ = {isa = PBXFileReference; explicitFileType = wrapper.cfbundle; includeInIndex = 0; path = DegreeCalcUITests.xctest; sourceTree = BUILT_PRODUCTS_DIR; };
		BF858E1C287B7D850097FA06 /* DegreeCalcUITests.swift */ = {isa = PBXFileReference; lastKnownFileType = sourcecode.swift; path = DegreeCalcUITests.swift; sourceTree = "<group>"; };
		BF858E1E287B7D850097FA06 /* DegreeCalcUITestsLaunchTests.swift */ = {isa = PBXFileReference; lastKnownFileType = sourcecode.swift; path = DegreeCalcUITestsLaunchTests.swift; sourceTree = "<group>"; };
/* End PBXFileReference section */

/* Begin PBXFrameworksBuildPhase section */
		BF858DFB287B7D840097FA06 /* Frameworks */ = {
			isa = PBXFrameworksBuildPhase;
			buildActionMask = 2147483647;
			files = (
			);
			runOnlyForDeploymentPostprocessing = 0;
		};
		BF858E0B287B7D850097FA06 /* Frameworks */ = {
			isa = PBXFrameworksBuildPhase;
			buildActionMask = 2147483647;
			files = (
			);
			runOnlyForDeploymentPostprocessing = 0;
		};
		BF858E15287B7D850097FA06 /* Frameworks */ = {
			isa = PBXFrameworksBuildPhase;
			buildActionMask = 2147483647;
			files = (
			);
			runOnlyForDeploymentPostprocessing = 0;
		};
/* End PBXFrameworksBuildPhase section */

/* Begin PBXGroup section */
		BF858DF5287B7D840097FA06 = {
			isa = PBXGroup;
			children = (
				BF858E00287B7D840097FA06 /* DegreeCalc */,
				BF858E11287B7D850097FA06 /* DegreeCalcTests */,
				BF858E1B287B7D850097FA06 /* DegreeCalcUITests */,
				BF858DFF287B7D840097FA06 /* Products */,
			);
			sourceTree = "<group>";
		};
		BF858DFF287B7D840097FA06 /* Products */ = {
			isa = PBXGroup;
			children = (
				BF858DFE287B7D840097FA06 /* DegreeCalc.app */,
				BF858E0E287B7D850097FA06 /* DegreeCalcTests.xctest */,
				BF858E18287B7D850097FA06 /* DegreeCalcUITests.xctest */,
			);
			name = Products;
			sourceTree = "<group>";
		};
		BF858E00287B7D840097FA06 /* DegreeCalc */ = {
			isa = PBXGroup;
			children = (
				BF858E01287B7D840097FA06 /* DegreeCalcApp.swift */,
				BF858E03287B7D840097FA06 /* ContentView.swift */,
				BF858E05287B7D850097FA06 /* Assets.xcassets */,
				BF858E07287B7D850097FA06 /* Preview Content */,
			);
			path = DegreeCalc;
			sourceTree = "<group>";
		};
		BF858E07287B7D850097FA06 /* Preview Content */ = {
			isa = PBXGroup;
			children = (
				BF858E08287B7D850097FA06 /* Preview Assets.xcassets */,
			);
			path = "Preview Content";
			sourceTree = "<group>";
		};
		BF858E11287B7D850097FA06 /* DegreeCalcTests */ = {
			isa = PBXGroup;
			children = (
				BF858E12287B7D850097FA06 /* DegreeCalcTests.swift */,
			);
			path = DegreeCalcTests;
			sourceTree = "<group>";
		};
		BF858E1B287B7D850097FA06 /* DegreeCalcUITests */ = {
			isa = PBXGroup;
			children = (
				BF858E1C287B7D850097FA06 /* DegreeCalcUITests.swift */,
				BF858E1E287B7D850097FA06 /* DegreeCalcUITestsLaunchTests.swift */,
			);
			path = DegreeCalcUITests;
			sourceTree = "<group>";
		};
/* End PBXGroup section */

/* Begin PBXNativeTarget section */
		BF858DFD287B7D840097FA06 /* DegreeCalc */ = {
			isa = PBXNativeTarget;
			buildConfigurationList = BF858E22287B7D850097FA06 /* Build configuration list for PBXNativeTarget "DegreeCalc" */;
			buildPhases = (
				BF858DFA287B7D840097FA06 /* Sources */,
				BF858DFB287B7D840097FA06 /* Frameworks */,
				BF858DFC287B7D840097FA06 /* Resources */,
			);
			buildRules = (
			);
			dependencies = (
			);
			name = DegreeCalc;
			productName = DegreeCalc;
			productReference = BF858DFE287B7D840097FA06 /* DegreeCalc.app */;
			productType = "com.apple.product-type.application";
		};
		BF858E0D287B7D850097FA06 /* DegreeCalcTests */ = {
			isa = PBXNativeTarget;
			buildConfigurationList = BF858E25287B7D850097FA06 /* Build configuration list for PBXNativeTarget "DegreeCalcTests" */;
			buildPhases = (
				BF858E0A287B7D850097FA06 /* Sources */,
				BF858E0B287B7D850097FA06 /* Frameworks */,
				BF858E0C287B7D850097FA06 /* Resources */,
			);
			buildRules = (
			);
			dependencies = (
				BF858E10287B7D850097FA06 /* PBXTargetDependency */,
			);
			name = DegreeCalcTests;
			productName = DegreeCalcTests;
			productReference = BF858E0E287B7D850097FA06 /* DegreeCalcTests.xctest */;
			productType = "com.apple.product-type.bundle.unit-test";
		};
		BF858E17287B7D850097FA06 /* DegreeCalcUITests */ = {
			isa = PBXNativeTarget;
			buildConfigurationList = BF858E28287B7D850097FA06 /* Build configuration list for PBXNativeTarget "DegreeCalcUITests" */;
			buildPhases = (
				BF858E14287B7D850097FA06 /* Sources */,
				BF858E15287B7D850097FA06 /* Frameworks */,
				BF858E16287B7D850097FA06 /* Resources */,
			);
			buildRules = (
			);
			dependencies = (
				BF858E1A287B7D850097FA06 /* PBXTargetDependency */,
			);
			name = DegreeCalcUITests;
			productName = DegreeCalcUITests;
			productReference = BF858E18287B7D850097FA06 /* DegreeCalcUITests.xctest */;
			productType = "com.apple.product-type.bundle.ui-testing";
		};
/* End PBXNativeTarget section */

/* Begin PBXProject section */
		BF858DF6287B7D840097FA06 /* Project object */ = {
			isa = PBXProject;
			attributes = {
				BuildIndependentTargetsInParallel = 1;
				LastSwiftUpdateCheck = 1340;
				LastUpgradeCheck = 1340;
				TargetAttributes = {
					BF858DFD287B7D840097FA06 = {
						CreatedOnToolsVersion = 13.4.1;
					};
					BF858E0D287B7D850097FA06 = {
						CreatedOnToolsVersion = 13.4.1;
						TestTargetID = BF858DFD287B7D840097FA06;
					};
					BF858E17287B7D850097FA06 = {
						CreatedOnToolsVersion = 13.4.1;
						TestTargetID = BF858DFD287B7D840097FA06;
					};
				};
			};
			buildConfigurationList = BF858DF9287B7D840097FA06 /* Build configuration list for PBXProject "DegreeCalc" */;
			compatibilityVersion = "Xcode 13.0";
			developmentRegion = en;
			hasScannedForEncodings = 0;
			knownRegions = (
				en,
				Base,
			);
			mainGroup = BF858DF5287B7D840097FA06;
			productRefGroup = BF858DFF287B7D840097FA06 /* Products */;
			projectDirPath = "";
			projectRoot = "";
			targets = (
				BF858DFD287B7D840097FA06 /* DegreeCalc */,
				BF858E0D287B7D850097FA06 /* DegreeCalcTests */,
				BF858E17287B7D850097FA06 /* DegreeCalcUITests */,
			);
		};
/* End PBXProject section */

/* Begin PBXResourcesBuildPhase section */
		BF858DFC287B7D840097FA06 /* Resources */ = {
			isa = PBXResourcesBuildPhase;
			buildActionMask = 2147483647;
			files = (
				BF858E09287B7D850097FA06 /* Preview Assets.xcassets in Resources */,
				BF858E06287B7D850097FA06 /* Assets.xcassets in Resources */,
			);
			runOnlyForDeploymentPostprocessing = 0;
		};
		BF858E0C287B7D850097FA06 /* Resources */ = {
			isa = PBXResourcesBuildPhase;
			buildActionMask = 2147483647;
			files = (
			);
			runOnlyForDeploymentPostprocessing = 0;
		};
		BF858E16287B7D850097FA06 /* Resources */ = {
			isa = PBXResourcesBuildPhase;
			buildActionMask = 2147483647;
			files = (
			);
			runOnlyForDeploymentPostprocessing = 0;
		};
/* End PBXResourcesBuildPhase section */

/* Begin PBXSourcesBuildPhase section */
		BF858DFA287B7D840097FA06 /* Sources */ = {
			isa = PBXSourcesBuildPhase;
			buildActionMask = 2147483647;
			files = (
				BF858E04287B7D840097FA06 /* ContentView.swift in Sources */,
				BF858E02287B7D840097FA06 /* DegreeCalcApp.swift in Sources */,
			);
			runOnlyForDeploymentPostprocessing = 0;
		};
		BF858E0A287B7D850097FA06 /* Sources */ = {
			isa = PBXSourcesBuildPhase;
			buildActionMask = 2147483647;
			files = (
				BF858E13287B7D850097FA06 /* DegreeCalcTests.swift in Sources */,
			);
			runOnlyForDeploymentPostprocessing = 0;
		};
		BF858E14287B7D850097FA06 /* Sources */ = {
			isa = PBXSourcesBuildPhase;
			buildActionMask = 2147483647;
			files = (
				BF858E1D287B7D850097FA06 /* DegreeCalcUITests.swift in Sources */,
				BF858E1F287B7D850097FA06 /* DegreeCalcUITestsLaunchTests.swift in Sources */,
			);
			runOnlyForDeploymentPostprocessing = 0;
		};
/* End PBXSourcesBuildPhase section */

/* Begin PBXTargetDependency section */
		BF858E10287B7D850097FA06 /* PBXTargetDependency */ = {
			isa = PBXTargetDependency;
			target = BF858DFD287B7D840097FA06 /* DegreeCalc */;
			targetProxy = BF858E0F287B7D850097FA06 /* PBXContainerItemProxy */;
		};
		BF858E1A287B7D850097FA06 /* PBXTargetDependency */ = {
			isa = PBXTargetDependency;
			target = BF858DFD287B7D840097FA06 /* DegreeCalc */;
			targetProxy = BF858E19287B7D850097FA06 /* PBXContainerItemProxy */;
		};
/* End PBXTargetDependency section */

/* Begin XCBuildConfiguration section */
		BF858E20287B7D850097FA06 /* Debug */ = {
			isa = XCBuildConfiguration;
			buildSettings = {
				ALWAYS_SEARCH_USER_PATHS = NO;
				CLANG_ANALYZER_NONNULL = YES;
				CLANG_ANALYZER_NUMBER_OBJECT_CONVERSION = YES_AGGRESSIVE;
				CLANG_CXX_LANGUAGE_STANDARD = "gnu++17";
				CLANG_ENABLE_MODULES = YES;
				CLANG_ENABLE_OBJC_ARC = YES;
				CLANG_ENABLE_OBJC_WEAK = YES;
				CLANG_WARN_BLOCK_CAPTURE_AUTORELEASING = YES;
				CLANG_WARN_BOOL_CONVERSION = YES;
				CLANG_WARN_COMMA = YES;
				CLANG_WARN_CONSTANT_CONVERSION = YES;
				CLANG_WARN_DEPRECATED_OBJC_IMPLEMENTATIONS = YES;
				CLANG_WARN_DIRECT_OBJC_ISA_USAGE = YES_ERROR;
				CLANG_WARN_DOCUMENTATION_COMMENTS = YES;
				CLANG_WARN_EMPTY_BODY = YES;
				CLANG_WARN_ENUM_CONVERSION = YES;
				CLANG_WARN_INFINITE_RECURSION = YES;
				CLANG_WARN_INT_CONVERSION = YES;
				CLANG_WARN_NON_LITERAL_NULL_CONVERSION = YES;
				CLANG_WARN_OBJC_IMPLICIT_RETAIN_SELF = YES;
				CLANG_WARN_OBJC_LITERAL_CONVERSION = YES;
				CLANG_WARN_OBJC_ROOT_CLASS = YES_ERROR;
				CLANG_WARN_QUOTED_INCLUDE_IN_FRAMEWORK_HEADER = YES;
				CLANG_WARN_RANGE_LOOP_ANALYSIS = YES;
				CLANG_WARN_STRICT_PROTOTYPES = YES;
				CLANG_WARN_SUSPICIOUS_MOVE = YES;
				CLANG_WARN_UNGUARDED_AVAILABILITY = YES_AGGRESSIVE;
				CLANG_WARN_UNREACHABLE_CODE = YES;
				CLANG_WARN__DUPLICATE_METHOD_MATCH = YES;
				COPY_PHASE_STRIP = NO;
				DEBUG_INFORMATION_FORMAT = dwarf;
				ENABLE_STRICT_OBJC_MSGSEND = YES;
				ENABLE_TESTABILITY = YES;
				GCC_C_LANGUAGE_STANDARD = gnu11;
				GCC_DYNAMIC_NO_PIC = NO;
				GCC_NO_COMMON_BLOCKS = YES;
				GCC_OPTIMIZATION_LEVEL = 0;
				GCC_PREPROCESSOR_DEFINITIONS = (
					"DEBUG=1",
					"$(inherited)",
				);
				GCC_WARN_64_TO_32_BIT_CONVERSION = YES;
				GCC_WARN_ABOUT_RETURN_TYPE = YES_ERROR;
				GCC_WARN_UNDECLARED_SELECTOR = YES;
				GCC_WARN_UNINITIALIZED_AUTOS = YES_AGGRESSIVE;
				GCC_WARN_UNUSED_FUNCTION = YES;
				GCC_WARN_UNUSED_VARIABLE = YES;
				IPHONEOS_DEPLOYMENT_TARGET = 15.5;
				MTL_ENABLE_DEBUG_INFO = INCLUDE_SOURCE;
				MTL_FAST_MATH = YES;
				ONLY_ACTIVE_ARCH = YES;
				SDKROOT = iphoneos;
				SWIFT_ACTIVE_COMPILATION_CONDITIONS = DEBUG;
				SWIFT_OPTIMIZATION_LEVEL = "-Onone";
			};
			name = Debug;
		};
		BF858E21287B7D850097FA06 /* Release */ = {
			isa = XCBuildConfiguration;
			buildSettings = {
				ALWAYS_SEARCH_USER_PATHS = NO;
				CLANG_ANALYZER_NONNULL = YES;
				CLANG_ANALYZER_NUMBER_OBJECT_CONVERSION = YES_AGGRESSIVE;
				CLANG_CXX_LANGUAGE_STANDARD = "gnu++17";
				CLANG_ENABLE_MODULES = YES;
				CLANG_ENABLE_OBJC_ARC = YES;
				CLANG_ENABLE_OBJC_WEAK = YES;
				CLANG_WARN_BLOCK_CAPTURE_AUTORELEASING = YES;
				CLANG_WARN_BOOL_CONVERSION = YES;
				CLANG_WARN_COMMA = YES;
				CLANG_WARN_CONSTANT_CONVERSION = YES;
				CLANG_WARN_DEPRECATED_OBJC_IMPLEMENTATIONS = YES;
				CLANG_WARN_DIRECT_OBJC_ISA_USAGE = YES_ERROR;
				CLANG_WARN_DOCUMENTATION_COMMENTS = YES;
				CLANG_WARN_EMPTY_BODY = YES;
				CLANG_WARN_ENUM_CONVERSION = YES;
				CLANG_WARN_INFINITE_RECURSION = YES;
				CLANG_WARN_INT_CONVERSION = YES;
				CLANG_WARN_NON_LITERAL_NULL_CONVERSION = YES;
				CLANG_WARN_OBJC_IMPLICIT_RETAIN_SELF = YES;
				CLANG_WARN_OBJC_LITERAL_CONVERSION = YES;
				CLANG_WARN_OBJC_ROOT_CLASS = YES_ERROR;
				CLANG_WARN_QUOTED_INCLUDE_IN_FRAMEWORK_HEADER = YES;
				CLANG_WARN_RANGE_LOOP_ANALYSIS = YES;
				CLANG_WARN_STRICT_PROTOTYPES = YES;
				CLANG_WARN_SUSPICIOUS_MOVE = YES;
				CLANG_WARN_UNGUARDED_AVAILABILITY = YES_AGGRESSIVE;
				CLANG_WARN_UNREACHABLE_CODE = YES;
				CLANG_WARN__DUPLICATE_METHOD_MATCH = YES;
				COPY_PHASE_STRIP = NO;
				DEBUG_INFORMATION_FORMAT = "dwarf-with-dsym";
				ENABLE_NS_ASSERTIONS = NO;
				ENABLE_STRICT_OBJC_MSGSEND = YES;
				GCC_C_LANGUAGE_STANDARD = gnu11;
				GCC_NO_COMMON_BLOCKS = YES;
				GCC_WARN_64_TO_32_BIT_CONVERSION = YES;
				GCC_WARN_ABOUT_RETURN_TYPE = YES_ERROR;
				GCC_WARN_UNDECLARED_SELECTOR = YES;
				GCC_WARN_UNINITIALIZED_AUTOS = YES_AGGRESSIVE;
				GCC_WARN_UNUSED_FUNCTION = YES;
				GCC_WARN_UNUSED_VARIABLE = YES;
				IPHONEOS_DEPLOYMENT_TARGET = 15.5;
				MTL_ENABLE_DEBUG_INFO = NO;
				MTL_FAST_MATH = YES;
				SDKROOT = iphoneos;
				SWIFT_COMPILATION_MODE = wholemodule;
				SWIFT_OPTIMIZATION_LEVEL = "-O";
				VALIDATE_PRODUCT = YES;
			};
			name = Release;
		};
		BF858E23287B7D850097FA06 /* Debug */ = {
			isa = XCBuildConfiguration;
			buildSettings = {
				ASSETCATALOG_COMPILER_APPICON_NAME = AppIcon;
				ASSETCATALOG_COMPILER_GLOBAL_ACCENT_COLOR_NAME = AccentColor;
				CODE_SIGN_STYLE = Automatic;
				CURRENT_PROJECT_VERSION = 1;
				DEVELOPMENT_ASSET_PATHS = "\"DegreeCalc/Preview Content\"";
				DEVELOPMENT_TEAM = 2LZX3PWRZV;
				ENABLE_PREVIEWS = YES;
				GENERATE_INFOPLIST_FILE = YES;
				INFOPLIST_KEY_UIApplicationSceneManifest_Generation = YES;
				INFOPLIST_KEY_UIApplicationSupportsIndirectInputEvents = YES;
				INFOPLIST_KEY_UILaunchScreen_Generation = YES;
				INFOPLIST_KEY_UISupportedInterfaceOrientations_iPad = "UIInterfaceOrientationPortrait UIInterfaceOrientationPortraitUpsideDown UIInterfaceOrientationLandscapeLeft UIInterfaceOrientationLandscapeRight";
				INFOPLIST_KEY_UISupportedInterfaceOrientations_iPhone = "UIInterfaceOrientationPortrait UIInterfaceOrientationLandscapeLeft UIInterfaceOrientationLandscapeRight";
				LD_RUNPATH_SEARCH_PATHS = (
					"$(inherited)",
					"@executable_path/Frameworks",
				);
				MARKETING_VERSION = 1.0;
				PRODUCT_BUNDLE_IDENTIFIER = com.alicansaglam.DegreeCalc;
				PRODUCT_NAME = "$(TARGET_NAME)";
				SWIFT_EMIT_LOC_STRINGS = YES;
				SWIFT_VERSION = 5.0;
				TARGETED_DEVICE_FAMILY = "1,2";
			};
			name = Debug;
		};
		BF858E24287B7D850097FA06 /* Release */ = {
			isa = XCBuildConfiguration;
			buildSettings = {
				ASSETCATALOG_COMPILER_APPICON_NAME = AppIcon;
				ASSETCATALOG_COMPILER_GLOBAL_ACCENT_COLOR_NAME = AccentColor;
				CODE_SIGN_STYLE = Automatic;
				CURRENT_PROJECT_VERSION = 1;
				DEVELOPMENT_ASSET_PATHS = "\"DegreeCalc/Preview Content\"";
				DEVELOPMENT_TEAM = 2LZX3PWRZV;
				ENABLE_PREVIEWS = YES;
				GENERATE_INFOPLIST_FILE = YES;
				INFOPLIST_KEY_UIApplicationSceneManifest_Generation = YES;
				INFOPLIST_KEY_UIApplicationSupportsIndirectInputEvents = YES;
				INFOPLIST_KEY_UILaunchScreen_Generation = YES;
				INFOPLIST_KEY_UISupportedInterfaceOrientations_iPad = "UIInterfaceOrientationPortrait UIInterfaceOrientationPortraitUpsideDown UIInterfaceOrientationLandscapeLeft UIInterfaceOrientationLandscapeRight";
				INFOPLIST_KEY_UISupportedInterfaceOrientations_iPhone = "UIInterfaceOrientationPortrait UIInterfaceOrientationLandscapeLeft UIInterfaceOrientationLandscapeRight";
				LD_RUNPATH_SEARCH_PATHS = (
					"$(inherited)",
					"@executable_path/Frameworks",
				);
				MARKETING_VERSION = 1.0;
				PRODUCT_BUNDLE_IDENTIFIER = com.alicansaglam.DegreeCalc;
				PRODUCT_NAME = "$(TARGET_NAME)";
				SWIFT_EMIT_LOC_STRINGS = YES;
				SWIFT_VERSION = 5.0;
				TARGETED_DEVICE_FAMILY = "1,2";
			};
			name = Release;
		};
		BF858E26287B7D850097FA06 /* Debug */ = {
			isa = XCBuildConfiguration;
			buildSettings = {
				ALWAYS_EMBED_SWIFT_STANDARD_LIBRARIES = YES;
				BUNDLE_LOADER = "$(TEST_HOST)";
				CODE_SIGN_STYLE = Automatic;
				CURRENT_PROJECT_VERSION = 1;
				GENERATE_INFOPLIST_FILE = YES;
				IPHONEOS_DEPLOYMENT_TARGET = 15.5;
				MARKETING_VERSION = 1.0;
				PRODUCT_BUNDLE_IDENTIFIER = com.alicansaglam.DegreeCalcTests;
				PRODUCT_NAME = "$(TARGET_NAME)";
				SWIFT_EMIT_LOC_STRINGS = NO;
				SWIFT_VERSION = 5.0;
				TARGETED_DEVICE_FAMILY = "1,2";
				TEST_HOST = "$(BUILT_PRODUCTS_DIR)/DegreeCalc.app/DegreeCalc";
			};
			name = Debug;
		};
		BF858E27287B7D850097FA06 /* Release */ = {
			isa = XCBuildConfiguration;
			buildSettings = {
				ALWAYS_EMBED_SWIFT_STANDARD_LIBRARIES = YES;
				BUNDLE_LOADER = "$(TEST_HOST)";
				CODE_SIGN_STYLE = Automatic;
				CURRENT_PROJECT_VERSION = 1;
				GENERATE_INFOPLIST_FILE = YES;
				IPHONEOS_DEPLOYMENT_TARGET = 15.5;
				MARKETING_VERSION = 1.0;
				PRODUCT_BUNDLE_IDENTIFIER = com.alicansaglam.DegreeCalcTests;
				PRODUCT_NAME = "$(TARGET_NAME)";
				SWIFT_EMIT_LOC_STRINGS = NO;
				SWIFT_VERSION = 5.0;
				TARGETED_DEVICE_FAMILY = "1,2";
				TEST_HOST = "$(BUILT_PRODUCTS_DIR)/DegreeCalc.app/DegreeCalc";
			};
			name = Release;
		};
		BF858E29287B7D850097FA06 /* Debug */ = {
			isa = XCBuildConfiguration;
			buildSettings = {
				ALWAYS_EMBED_SWIFT_STANDARD_LIBRARIES = YES;
				CODE_SIGN_STYLE = Automatic;
				CURRENT_PROJECT_VERSION = 1;
				GENERATE_INFOPLIST_FILE = YES;
				MARKETING_VERSION = 1.0;
				PRODUCT_BUNDLE_IDENTIFIER = com.alicansaglam.DegreeCalcUITests;
				PRODUCT_NAME = "$(TARGET_NAME)";
				SWIFT_EMIT_LOC_STRINGS = NO;
				SWIFT_VERSION = 5.0;
				TARGETED_DEVICE_FAMILY = "1,2";
				TEST_TARGET_NAME = DegreeCalc;
			};
			name = Debug;
		};
		BF858E2A287B7D850097FA06 /* Release */ = {
			isa = XCBuildConfiguration;
			buildSettings = {
				ALWAYS_EMBED_SWIFT_STANDARD_LIBRARIES = YES;
				CODE_SIGN_STYLE = Automatic;
				CURRENT_PROJECT_VERSION = 1;
				GENERATE_INFOPLIST_FILE = YES;
				MARKETING_VERSION = 1.0;
				PRODUCT_BUNDLE_IDENTIFIER = com.alicansaglam.DegreeCalcUITests;
				PRODUCT_NAME = "$(TARGET_NAME)";
				SWIFT_EMIT_LOC_STRINGS = NO;
				SWIFT_VERSION = 5.0;
				TARGETED_DEVICE_FAMILY = "1,2";
				TEST_TARGET_NAME = DegreeCalc;
			};
			name = Release;
		};
/* End XCBuildConfiguration section */

/* Begin XCConfigurationList section */
		BF858DF9287B7D840097FA06 /* Build configuration list for PBXProject "DegreeCalc" */ = {
			isa = XCConfigurationList;
			buildConfigurations = (
				BF858E20287B7D850097FA06 /* Debug */,
				BF858E21287B7D850097FA06 /* Release */,
			);
			defaultConfigurationIsVisible = 0;
			defaultConfigurationName = Release;
		};
		BF858E22287B7D850097FA06 /* Build configuration list for PBXNativeTarget "DegreeCalc" */ = {
			isa = XCConfigurationList;
			buildConfigurations = (
				BF858E23287B7D850097FA06 /* Debug */,
				BF858E24287B7D850097FA06 /* Release */,
			);
			defaultConfigurationIsVisible = 0;
			defaultConfigurationName = Release;
		};
		BF858E25287B7D850097FA06 /* Build configuration list for PBXNativeTarget "DegreeCalcTests" */ = {
			isa = XCConfigurationList;
			buildConfigurations = (
				BF858E26287B7D850097FA06 /* Debug */,
				BF858E27287B7D850097FA06 /* Release */,
			);
			defaultConfigurationIsVisible = 0;
			defaultConfigurationName = Release;
		};
		BF858E28287B7D850097FA06 /* Build configuration list for PBXNativeTarget "DegreeCalcUITests" */ = {
			isa = XCConfigurationList;
			buildConfigurations = (
				BF858E29287B7D850097FA06 /* Debug */,
				BF858E2A287B7D850097FA06 /* Release */,
			);
			defaultConfigurationIsVisible = 0;
			defaultConfigurationName = Release;
		};
/* End XCConfigurationList section */
	};
	rootObject = BF858DF6287B7D840097FA06 /* Project object */;
}
